
Microsoft Visual Studio Solution File, Format Version 12.00
# Visual Studio Version 17
VisualStudioVersion = 17.8.34408.163
MinimumVisualStudioVersion = 10.0.40219.1
Project("{FAE04EC0-301F-11D3-BF4B-00C04F79EFBC}") = "Mission02 - Team004-09", "Mission02 - Team004-09.csproj", "{0A9C2ADF-862A-4DC7-87AD-7C4F20B56268}"
EndProject
Global
	GlobalSection(SolutionConfigurationPlatforms) = preSolution
		Debug|Any CPU = Debug|Any CPU
		Release|Any CPU = Release|Any CPU
	EndGlobalSection
	GlobalSection(ProjectConfigurationPlatforms) = postSolution
		{0A9C2ADF-862A-4DC7-87AD-7C4F20B56268}.Debug|Any CPU.ActiveCfg = Debug|Any CPU
		{0A9C2ADF-862A-4DC7-87AD-7C4F20B56268}.Debug|Any CPU.Build.0 = Debug|Any CPU
		{0A9C2ADF-862A-4DC7-87AD-7C4F20B56268}.Release|Any CPU.ActiveCfg = Release|Any CPU
		{0A9C2ADF-862A-4DC7-87AD-7C4F20B56268}.Release|Any CPU.Build.0 = Release|Any CPU
	EndGlobalSection
	GlobalSection(SolutionProperties) = preSolution
		HideSolutionNode = FALSE
	EndGlobalSection
	GlobalSection(ExtensibilityGlobals) = postSolution
		SolutionGuid = {D196D0DF-1E21-4C18-8049-A8A48C2ECD7B}
	EndGlobalSection
EndGlobal
